
Microsoft Visual Studio Solution File, Format Version 12.00
# Visual Studio Version 17
VisualStudioVersion = 17.5.33530.505
MinimumVisualStudioVersion = 10.0.40219.1
Project("{9A19103F-16F7-4668-BE54-9A1E7A4F7556}") = "CQRSAkademiPlusPostgre", "CQRSAkademiPlusPostgre\CQRSAkademiPlusPostgre.csproj", "{3047BA75-0D38-41CD-80D8-158F6B0A48ED}"
EndProject
Project("{FAE04EC0-301F-11D3-BF4B-00C04F79EFBC}") = "MediatorAkademiPlusPostgre", "MediatorAkademiPlusPostgre\MediatorAkademiPlusPostgre.csproj", "{1B2774A7-7ABA-434E-96A6-C1B66DD7EA2A}"
EndProject
Global
	GlobalSection(SolutionConfigurationPlatforms) = preSolution
		Debug|Any CPU = Debug|Any CPU
		Release|Any CPU = Release|Any CPU
	EndGlobalSection
	GlobalSection(ProjectConfigurationPlatforms) = postSolution
		{3047BA75-0D38-41CD-80D8-158F6B0A48ED}.Debug|Any CPU.ActiveCfg = Debug|Any CPU
		{3047BA75-0D38-41CD-80D8-158F6B0A48ED}.Debug|Any CPU.Build.0 = Debug|Any CPU
		{3047BA75-0D38-41CD-80D8-158F6B0A48ED}.Release|Any CPU.ActiveCfg = Release|Any CPU
		{3047BA75-0D38-41CD-80D8-158F6B0A48ED}.Release|Any CPU.Build.0 = Release|Any CPU
		{1B2774A7-7ABA-434E-96A6-C1B66DD7EA2A}.Debug|Any CPU.ActiveCfg = Debug|Any CPU
		{1B2774A7-7ABA-434E-96A6-C1B66DD7EA2A}.Debug|Any CPU.Build.0 = Debug|Any CPU
		{1B2774A7-7ABA-434E-96A6-C1B66DD7EA2A}.Release|Any CPU.ActiveCfg = Release|Any CPU
		{1B2774A7-7ABA-434E-96A6-C1B66DD7EA2A}.Release|Any CPU.Build.0 = Release|Any CPU
	EndGlobalSection
	GlobalSection(SolutionProperties) = preSolution
		HideSolutionNode = FALSE
	EndGlobalSection
	GlobalSection(ExtensibilityGlobals) = postSolution
		SolutionGuid = {284203CD-4CC0-422E-A3BD-9229E660F8A3}
	EndGlobalSection
EndGlobal
